<?xml version="1.0" encoding="utf-8"?>
<Project ToolsVersion="4.0" xmlns="http://schemas.microsoft.com/developer/msbuild/2003">
  <ItemGroup>
    <ClCompile Include="src\testApp.cpp">
      <Filter>src</Filter>
    </ClCompile>
    <ClCompile Include="src\main.cpp">
      <Filter>src</Filter>
    </ClCompile>
    <ClCompile Include="..\src\ofxKinectCommonBridge.cpp">
      <Filter>addons\ofxKinect4Windows</Filter>
    </ClCompile>
    <ClCompile Include="..\..\ofxGui\src\ofxBaseGui.cpp">
      <Filter>ofxGui</Filter>
    </ClCompile>
    <ClCompile Include="..\..\ofxGui\src\ofxButton.cpp">
      <Filter>ofxGui</Filter>
    </ClCompile>
    <ClCompile Include="..\..\ofxGui\src\ofxGuiGroup.cpp">
      <Filter>ofxGui</Filter>
    </ClCompile>
    <ClCompile Include="..\..\ofxGui\src\ofxLabel.cpp">
      <Filter>ofxGui</Filter>
    </ClCompile>
    <ClCompile Include="..\..\ofxGui\src\ofxPanel.cpp">
      <Filter>ofxGui</Filter>
    </ClCompile>
    <ClCompile Include="..\..\ofxGui\src\ofxSlider.cpp">
      <Filter>ofxGui</Filter>
    </ClCompile>
    <ClCompile Include="..\..\ofxGui\src\ofxSliderGroup.cpp">
      <Filter>ofxGui</Filter>
    </ClCompile>
    <ClCompile Include="..\..\ofxGui\src\ofxToggle.cpp">
      <Filter>ofxGui</Filter>
    </ClCompile>
  </ItemGroup>
  <ItemGroup>
    <Filter Include="src">
      <UniqueIdentifier>{d8376475-7454-4a24-b08a-aac121d3ad6f}</UniqueIdentifier>
    </Filter>
    <Filter Include="addons">
      <UniqueIdentifier>{f5596e99-79d8-4f67-be27-62329b5608b9}</UniqueIdentifier>
    </Filter>
    <Filter Include="addons\ofxKinect4Windows">
      <UniqueIdentifier>{94ab4a79-08c3-4bdd-ae38-1631ca24891d}</UniqueIdentifier>
    </Filter>
    <Filter Include="ofxGui">
      <UniqueIdentifier>{d66a3277-1fd9-4727-a554-cde23a4e8cdd}</UniqueIdentifier>
    </Filter>
  </ItemGroup>
  <ItemGroup>
    <ClInclude Include="src\testApp.h">
      <Filter>src</Filter>
    </ClInclude>
    <ClInclude Include="..\libs\KinectCommonBridge\include\KinectCommonBridgeLib.h">
      <Filter>addons\ofxKinect4Windows</Filter>
    </ClInclude>
    <ClInclude Include="..\src\ofxKinectCommonBridge.h">
      <Filter>addons\ofxKinect4Windows</Filter>
    </ClInclude>
    <ClInclude Include="..\..\ofxGui\src\ofxBaseGui.h">
      <Filter>ofxGui</Filter>
    </ClInclude>
    <ClInclude Include="..\..\ofxGui\src\ofxButton.h">
      <Filter>ofxGui</Filter>
    </ClInclude>
    <ClInclude Include="..\..\ofxGui\src\ofxGui.h">
      <Filter>ofxGui</Filter>
    </ClInclude>
    <ClInclude Include="..\..\ofxGui\src\ofxGuiGroup.h">
      <Filter>ofxGui</Filter>
    </ClInclude>
    <ClInclude Include="..\..\ofxGui\src\ofxLabel.h">
      <Filter>ofxGui</Filter>
    </ClInclude>
    <ClInclude Include="..\..\ofxGui\src\ofxPanel.h">
      <Filter>ofxGui</Filter>
    </ClInclude>
    <ClInclude Include="..\..\ofxGui\src\ofxSlider.h">
      <Filter>ofxGui</Filter>
    </ClInclude>
    <ClInclude Include="..\..\ofxGui\src\ofxSliderGroup.h">
      <Filter>ofxGui</Filter>
    </ClInclude>
    <ClInclude Include="..\..\ofxGui\src\ofxToggle.h">
      <Filter>ofxGui</Filter>
    </ClInclude>
  </ItemGroup>
  <ItemGroup>
    <ResourceCompile Include="icon.rc" />
  </ItemGroup>
</Project>