<?xml version="1.0" encoding="utf-8"?>
<Project ToolsVersion="4.0" xmlns="http://schemas.microsoft.com/developer/msbuild/2003">
  <ItemGroup>
    <ClCompile Include="src\testApp.cpp">
      <Filter>src</Filter>
    </ClCompile>
    <ClCompile Include="src\main.cpp">
      <Filter>src</Filter>
    </ClCompile>
    <ClCompile Include="..\src\ofxKinect4Windows.cpp">
      <Filter>addons\ofxKinectCommonBridge</Filter>
    </ClCompile>
    <ClCompile Include="..\..\ofxGui\src\ofxBaseGui.cpp">
      <Filter>addons\ofxGui</Filter>
    </ClCompile>
    <ClCompile Include="..\..\ofxGui\src\ofxButton.cpp">
      <Filter>addons\ofxGui</Filter>
    </ClCompile>
    <ClCompile Include="..\..\ofxGui\src\ofxGuiGroup.cpp">
      <Filter>addons\ofxGui</Filter>
    </ClCompile>
    <ClCompile Include="..\..\ofxGui\src\ofxLabel.cpp">
      <Filter>addons\ofxGui</Filter>
    </ClCompile>
    <ClCompile Include="..\..\ofxGui\src\ofxPanel.cpp">
      <Filter>addons\ofxGui</Filter>
    </ClCompile>
    <ClCompile Include="..\..\ofxGui\src\ofxSlider.cpp">
      <Filter>addons\ofxGui</Filter>
    </ClCompile>
    <ClCompile Include="..\..\ofxGui\src\ofxSliderGroup.cpp">
      <Filter>addons\ofxGui</Filter>
    </ClCompile>
    <ClCompile Include="..\..\ofxGui\src\ofxToggle.cpp">
      <Filter>addons\ofxGui</Filter>
    </ClCompile>
  </ItemGroup>
  <ItemGroup>
    <Filter Include="src">
      <UniqueIdentifier>{d8376475-7454-4a24-b08a-aac121d3ad6f}</UniqueIdentifier>
    </Filter>
    <Filter Include="addons">
      <UniqueIdentifier>{670d0546-6c3d-4fda-941c-a8df8208ce0f}</UniqueIdentifier>
    </Filter>
    <Filter Include="addons\ofxKinectCommonBridge">
      <UniqueIdentifier>{f2179dd2-f5ef-4a43-98d6-13d95308b454}</UniqueIdentifier>
    </Filter>
    <Filter Include="addons\ofxGui">
      <UniqueIdentifier>{b5308e66-f383-40fa-971c-6db64e465bcc}</UniqueIdentifier>
    </Filter>
  </ItemGroup>
  <ItemGroup>
    <ClInclude Include="src\testApp.h">
      <Filter>src</Filter>
    </ClInclude>
    <ClInclude Include="..\libs\KinectCommonBridge\include\KinectCommonBridge.h">
      <Filter>addons\ofxKinectCommonBridge</Filter>
    </ClInclude>
    <ClInclude Include="..\src\ofxKinect4Windows.h">
      <Filter>addons\ofxKinectCommonBridge</Filter>
    </ClInclude>
    <ClInclude Include="..\..\ofxGui\src\ofxBaseGui.h">
      <Filter>addons\ofxGui</Filter>
    </ClInclude>
    <ClInclude Include="..\..\ofxGui\src\ofxButton.h">
      <Filter>addons\ofxGui</Filter>
    </ClInclude>
    <ClInclude Include="..\..\ofxGui\src\ofxGui.h">
      <Filter>addons\ofxGui</Filter>
    </ClInclude>
    <ClInclude Include="..\..\ofxGui\src\ofxGuiGroup.h">
      <Filter>addons\ofxGui</Filter>
    </ClInclude>
    <ClInclude Include="..\..\ofxGui\src\ofxLabel.h">
      <Filter>addons\ofxGui</Filter>
    </ClInclude>
    <ClInclude Include="..\..\ofxGui\src\ofxPanel.h">
      <Filter>addons\ofxGui</Filter>
    </ClInclude>
    <ClInclude Include="..\..\ofxGui\src\ofxSlider.h">
      <Filter>addons\ofxGui</Filter>
    </ClInclude>
    <ClInclude Include="..\..\ofxGui\src\ofxSliderGroup.h">
      <Filter>addons\ofxGui</Filter>
    </ClInclude>
    <ClInclude Include="..\..\ofxGui\src\ofxToggle.h">
      <Filter>addons\ofxGui</Filter>
    </ClInclude>
  </ItemGroup>
  <ItemGroup>
    <ResourceCompile Include="icon.rc" />
  </ItemGroup>
</Project>